# This is a Gradle generated file for dependency locking.
# Manual edits can break the build and are not advised.
# This file is expected to be part of source control.
com.fasterxml.jackson.core:jackson-annotations:2.12.7=classpath
com.fasterxml.jackson.core:jackson-core:2.12.7=classpath
com.fasterxml.jackson.core:jackson-databind:2.12.7.1=classpath
com.fasterxml.jackson.dataformat:jackson-dataformat-xml:2.12.7=classpath
com.fasterxml.jackson.module:jackson-module-jaxb-annotations:2.12.7=classpath
com.fasterxml.jackson.module:jackson-module-kotlin:2.12.7=classpath
com.fasterxml.jackson:jackson-bom:2.12.7=classpath
com.fasterxml.woodstox:woodstox-core:6.2.4=classpath
io.github.gradle-nexus.publish-plugin:io.github.gradle-nexus.publish-plugin.gradle.plugin:1.1.0=classpath
io.github.gradle-nexus:publish-plugin:1.1.0=classpath
io.gitlab.arturbosch.detekt:detekt-gradle-plugin:1.23.4=classpath
io.gitlab.arturbosch.detekt:io.gitlab.arturbosch.detekt.gradle.plugin:1.23.4=classpath
jakarta.activation:jakarta.activation-api:1.2.1=classpath
jakarta.xml.bind:jakarta.xml.bind-api:2.3.2=classpath
org.codehaus.woodstox:stax2-api:4.2.1=classpath
org.freemarker:freemarker:2.3.31=classpath
org.jetbrains.dokka:analysis-markdown:1.9.10=classpath
org.jetbrains.dokka:dokka-base:1.9.10=classpath
org.jetbrains.dokka:dokka-core:1.9.10=classpath
org.jetbrains.dokka:dokka-gradle-plugin:1.9.10=classpath
org.jetbrains.dokka:org.jetbrains.dokka.gradle.plugin:1.9.10=classpath
org.jetbrains.intellij.deps:trove4j:1.0.20200330=classpath
org.jetbrains.kotlin.jvm:org.jetbrains.kotlin.jvm.gradle.plugin:1.9.22=classpath
org.jetbrains.kotlin:kotlin-android-extensions:1.9.22=classpath
org.jetbrains.kotlin:kotlin-build-tools-api:1.9.22=classpath
org.jetbrains.kotlin:kotlin-compiler-embeddable:1.9.22=classpath
org.jetbrains.kotlin:kotlin-compiler-runner:1.9.22=classpath
org.jetbrains.kotlin:kotlin-daemon-client:1.9.22=classpath
org.jetbrains.kotlin:kotlin-daemon-embeddable:1.9.22=classpath
org.jetbrains.kotlin:kotlin-gradle-plugin-annotations:1.9.22=classpath
org.jetbrains.kotlin:kotlin-gradle-plugin-api:1.9.22=classpath
org.jetbrains.kotlin:kotlin-gradle-plugin-idea-proto:1.9.22=classpath
org.jetbrains.kotlin:kotlin-gradle-plugin-idea:1.9.22=classpath
org.jetbrains.kotlin:kotlin-gradle-plugin-model:1.9.22=classpath
org.jetbrains.kotlin:kotlin-gradle-plugin:1.9.22=classpath
org.jetbrains.kotlin:kotlin-gradle-plugins-bom:1.9.22=classpath
org.jetbrains.kotlin:kotlin-klib-commonizer-api:1.9.22=classpath
org.jetbrains.kotlin:kotlin-native-utils:1.9.22=classpath
org.jetbrains.kotlin:kotlin-project-model:1.9.22=classpath
org.jetbrains.kotlin:kotlin-reflect:1.9.20=classpath
org.jetbrains.kotlin:kotlin-scripting-common:1.9.22=classpath
org.jetbrains.kotlin:kotlin-scripting-compiler-embeddable:1.9.22=classpath
org.jetbrains.kotlin:kotlin-scripting-compiler-impl-embeddable:1.9.22=classpath
org.jetbrains.kotlin:kotlin-scripting-jvm:1.9.22=classpath
org.jetbrains.kotlin:kotlin-stdlib-common:1.9.20=classpath
org.jetbrains.kotlin:kotlin-stdlib-jdk7:1.9.10=classpath
org.jetbrains.kotlin:kotlin-stdlib-jdk8:1.9.10=classpath
org.jetbrains.kotlin:kotlin-stdlib:1.9.20=classpath
org.jetbrains.kotlin:kotlin-tooling-core:1.9.22=classpath
org.jetbrains.kotlin:kotlin-util-io:1.9.22=classpath
org.jetbrains.kotlin:kotlin-util-klib:1.9.22=classpath
org.jetbrains.kotlinx:kotlinx-coroutines-bom:1.6.3=classpath
org.jetbrains.kotlinx:kotlinx-coroutines-core-jvm:1.6.3=classpath
org.jetbrains.kotlinx:kotlinx-coroutines-core:1.6.3=classpath
org.jetbrains.kotlinx:kotlinx-html-jvm:0.7.5=classpath
org.jetbrains:annotations:13.0=classpath
org.jetbrains:markdown-jvm:0.3.1=classpath
org.jetbrains:markdown:0.3.1=classpath
org.jsoup:jsoup:1.15.3=classpath
empty=
