# This is a Gradle generated file for dependency locking.
# Manual edits can break the build and are not advised.
# This file is expected to be part of source control.
ch.qos.logback:logback-classic:1.4.14=compileClasspath
ch.qos.logback:logback-core:1.4.14=compileClasspath
club.minnced:discord-webhooks:0.8.4=compileClasspath
club.minnced:opus-java-api:1.1.1=compileClasspath,runtimeClasspath
club.minnced:opus-java-natives:1.1.1=compileClasspath,runtimeClasspath
club.minnced:opus-java:1.1.1=compileClasspath,runtimeClasspath
com.fasterxml.jackson.core:jackson-annotations:2.16.0=runtimeClasspath
com.fasterxml.jackson.core:jackson-core:2.16.0=runtimeClasspath
com.fasterxml.jackson.core:jackson-databind:2.16.0=runtimeClasspath
com.fasterxml.jackson:jackson-bom:2.16.0=runtimeClasspath
com.neovisionaries:nv-websocket-client:2.14=compileClasspath,runtimeClasspath
com.squareup.okhttp3:okhttp:4.12.0=compileClasspath,runtimeClasspath
com.squareup.okio:okio-jvm:3.6.0=compileClasspath,runtimeClasspath
com.squareup.okio:okio:3.6.0=compileClasspath,runtimeClasspath
net.dv8tion:JDA:5.0.0-beta.19=compileClasspath,runtimeClasspath
net.java.dev.jna:jna:4.4.0=runtimeClasspath
net.sf.trove4j:trove4j:3.0.3=runtimeClasspath
org.apache.commons:commons-collections4:4.4=compileClasspath,runtimeClasspath
org.jetbrains.kotlin:kotlin-stdlib-common:1.9.22=compileClasspath,runtimeClasspath
org.jetbrains.kotlin:kotlin-stdlib-jdk7:1.9.10=compileClasspath,runtimeClasspath
org.jetbrains.kotlin:kotlin-stdlib-jdk8:1.9.10=compileClasspath,runtimeClasspath
org.jetbrains.kotlin:kotlin-stdlib:1.9.22=compileClasspath,runtimeClasspath
org.jetbrains.kotlinx:kotlinx-coroutines-bom:1.7.3=compileClasspath,runtimeClasspath
org.jetbrains.kotlinx:kotlinx-coroutines-core-jvm:1.7.3=compileClasspath,runtimeClasspath
org.jetbrains.kotlinx:kotlinx-coroutines-core:1.7.3=compileClasspath,runtimeClasspath
org.jetbrains:annotations:23.0.0=compileClasspath,runtimeClasspath
org.json:json:20230618=compileClasspath
org.slf4j:slf4j-api:1.7.36=runtimeClasspath
org.slf4j:slf4j-api:2.0.7=compileClasspath
empty=
